
Microsoft Visual Studio Solution File, Format Version 12.00
# Visual Studio Version 17
VisualStudioVersion = 17.8.34330.188
MinimumVisualStudioVersion = 10.0.40219.1
Project("{FAE04EC0-301F-11D3-BF4B-00C04F79EFBC}") = "Gamex", "Gamex\Gamex.csproj", "{49C2F288-6E4B-4582-A64C-9702093B2DDF}"
EndProject
Project("{FAE04EC0-301F-11D3-BF4B-00C04F79EFBC}") = "Gamex.Data", "Gamex.Data\Gamex.Data.csproj", "{B05A226A-26FA-4800-8AAC-DFAD56AE66E0}"
EndProject
Project("{FAE04EC0-301F-11D3-BF4B-00C04F79EFBC}") = "Gamex.Models", "Gamex.Models\Gamex.Models.csproj", "{D1BDC8F0-7806-4855-AFDB-A27EBE63514C}"
EndProject
Project("{FAE04EC0-301F-11D3-BF4B-00C04F79EFBC}") = "Gamex.DTO", "Gamex.DTO\Gamex.DTO.csproj", "{3A241BD7-F2CA-4AAF-B34B-1F1A9DAF378C}"
EndProject
Project("{FAE04EC0-301F-11D3-BF4B-00C04F79EFBC}") = "Gamex.Service", "Gamex.Service\Gamex.Service.csproj", "{2F85A5C7-FC46-43D1-92A4-E7D6F2FAF399}"
EndProject
Project("{FAE04EC0-301F-11D3-BF4B-00C04F79EFBC}") = "Gamex.Common", "Gamex.Common\Gamex.Common.csproj", "{0DA0C871-695F-4E1B-BEA6-4423BA066437}"
EndProject
Global
	GlobalSection(SolutionConfigurationPlatforms) = preSolution
		Debug|Any CPU = Debug|Any CPU
		Release|Any CPU = Release|Any CPU
	EndGlobalSection
	GlobalSection(ProjectConfigurationPlatforms) = postSolution
		{49C2F288-6E4B-4582-A64C-9702093B2DDF}.Debug|Any CPU.ActiveCfg = Debug|Any CPU
		{49C2F288-6E4B-4582-A64C-9702093B2DDF}.Debug|Any CPU.Build.0 = Debug|Any CPU
		{49C2F288-6E4B-4582-A64C-9702093B2DDF}.Release|Any CPU.ActiveCfg = Release|Any CPU
		{49C2F288-6E4B-4582-A64C-9702093B2DDF}.Release|Any CPU.Build.0 = Release|Any CPU
		{B05A226A-26FA-4800-8AAC-DFAD56AE66E0}.Debug|Any CPU.ActiveCfg = Debug|Any CPU
		{B05A226A-26FA-4800-8AAC-DFAD56AE66E0}.Debug|Any CPU.Build.0 = Debug|Any CPU
		{B05A226A-26FA-4800-8AAC-DFAD56AE66E0}.Release|Any CPU.ActiveCfg = Release|Any CPU
		{B05A226A-26FA-4800-8AAC-DFAD56AE66E0}.Release|Any CPU.Build.0 = Release|Any CPU
		{D1BDC8F0-7806-4855-AFDB-A27EBE63514C}.Debug|Any CPU.ActiveCfg = Debug|Any CPU
		{D1BDC8F0-7806-4855-AFDB-A27EBE63514C}.Debug|Any CPU.Build.0 = Debug|Any CPU
		{D1BDC8F0-7806-4855-AFDB-A27EBE63514C}.Release|Any CPU.ActiveCfg = Release|Any CPU
		{D1BDC8F0-7806-4855-AFDB-A27EBE63514C}.Release|Any CPU.Build.0 = Release|Any CPU
		{3A241BD7-F2CA-4AAF-B34B-1F1A9DAF378C}.Debug|Any CPU.ActiveCfg = Debug|Any CPU
		{3A241BD7-F2CA-4AAF-B34B-1F1A9DAF378C}.Debug|Any CPU.Build.0 = Debug|Any CPU
		{3A241BD7-F2CA-4AAF-B34B-1F1A9DAF378C}.Release|Any CPU.ActiveCfg = Release|Any CPU
		{3A241BD7-F2CA-4AAF-B34B-1F1A9DAF378C}.Release|Any CPU.Build.0 = Release|Any CPU
		{2F85A5C7-FC46-43D1-92A4-E7D6F2FAF399}.Debug|Any CPU.ActiveCfg = Debug|Any CPU
		{2F85A5C7-FC46-43D1-92A4-E7D6F2FAF399}.Debug|Any CPU.Build.0 = Debug|Any CPU
		{2F85A5C7-FC46-43D1-92A4-E7D6F2FAF399}.Release|Any CPU.ActiveCfg = Release|Any CPU
		{2F85A5C7-FC46-43D1-92A4-E7D6F2FAF399}.Release|Any CPU.Build.0 = Release|Any CPU
		{0DA0C871-695F-4E1B-BEA6-4423BA066437}.Debug|Any CPU.ActiveCfg = Debug|Any CPU
		{0DA0C871-695F-4E1B-BEA6-4423BA066437}.Debug|Any CPU.Build.0 = Debug|Any CPU
		{0DA0C871-695F-4E1B-BEA6-4423BA066437}.Release|Any CPU.ActiveCfg = Release|Any CPU
		{0DA0C871-695F-4E1B-BEA6-4423BA066437}.Release|Any CPU.Build.0 = Release|Any CPU
	EndGlobalSection
	GlobalSection(SolutionProperties) = preSolution
		HideSolutionNode = FALSE
	EndGlobalSection
	GlobalSection(ExtensibilityGlobals) = postSolution
		SolutionGuid = {9A876B7A-4D38-4E44-9DB9-F0663E190EB6}
	EndGlobalSection
EndGlobal
